{
  "requires": true,
  "lockfileVersion": 1,
  "dependencies": {
    "interact-js": {
      "version": "2.1.0",
      "resolved": "https://registry.npmjs.org/interact-js/-/interact-js-2.1.0.tgz",
      "integrity": "sha512-/YYL/90vRUCPBLDi+BHU87Xu1C9d9pKzOGCEIbqrSWabZQcuDlo8FCjkTHoZtmzNovXhjcGOLWaLDOnKMTf/Xw=="
    }
  }
}
